
Microsoft Visual Studio Solution File, Format Version 12.00
# Visual Studio Version 16
VisualStudioVersion = 16.0.32802.440
MinimumVisualStudioVersion = 10.0.40219.1
Project("{FAE04EC0-301F-11D3-BF4B-00C04F79EFBC}") = "Semana 9", "Semana 9\Semana 9.csproj", "{022A6DFD-0412-47C3-AB67-2DADF5B94DEC}"
EndProject
Global
	GlobalSection(SolutionConfigurationPlatforms) = preSolution
		Debug|Any CPU = Debug|Any CPU
		Release|Any CPU = Release|Any CPU
	EndGlobalSection
	GlobalSection(ProjectConfigurationPlatforms) = postSolution
		{022A6DFD-0412-47C3-AB67-2DADF5B94DEC}.Debug|Any CPU.ActiveCfg = Debug|Any CPU
		{022A6DFD-0412-47C3-AB67-2DADF5B94DEC}.Debug|Any CPU.Build.0 = Debug|Any CPU
		{022A6DFD-0412-47C3-AB67-2DADF5B94DEC}.Release|Any CPU.ActiveCfg = Release|Any CPU
		{022A6DFD-0412-47C3-AB67-2DADF5B94DEC}.Release|Any CPU.Build.0 = Release|Any CPU
	EndGlobalSection
	GlobalSection(SolutionProperties) = preSolution
		HideSolutionNode = FALSE
	EndGlobalSection
	GlobalSection(ExtensibilityGlobals) = postSolution
		SolutionGuid = {48BD1E1A-1A6D-4430-A69F-0456EA7D6BD3}
	EndGlobalSection
EndGlobal
